
Microsoft Visual Studio Solution File, Format Version 12.00
# Visual Studio Version 17
VisualStudioVersion = 17.11.35303.130
MinimumVisualStudioVersion = 10.0.40219.1
Project("{FAE04EC0-301F-11D3-BF4B-00C04F79EFBC}") = "TDDTests", "TDDTests\TDDTests.csproj", "{56568C78-D4AE-4385-8B0D-AD48C7002C38}"
EndProject
Project("{FAE04EC0-301F-11D3-BF4B-00C04F79EFBC}") = "Test.Class", "TestClass\Test.Class.csproj", "{539E8941-C875-4B0C-BDD3-08344781437C}"
EndProject
Global
	GlobalSection(SolutionConfigurationPlatforms) = preSolution
		Debug|Any CPU = Debug|Any CPU
		Release|Any CPU = Release|Any CPU
	EndGlobalSection
	GlobalSection(ProjectConfigurationPlatforms) = postSolution
		{56568C78-D4AE-4385-8B0D-AD48C7002C38}.Debug|Any CPU.ActiveCfg = Debug|Any CPU
		{56568C78-D4AE-4385-8B0D-AD48C7002C38}.Debug|Any CPU.Build.0 = Debug|Any CPU
		{56568C78-D4AE-4385-8B0D-AD48C7002C38}.Release|Any CPU.ActiveCfg = Release|Any CPU
		{56568C78-D4AE-4385-8B0D-AD48C7002C38}.Release|Any CPU.Build.0 = Release|Any CPU
		{539E8941-C875-4B0C-BDD3-08344781437C}.Debug|Any CPU.ActiveCfg = Debug|Any CPU
		{539E8941-C875-4B0C-BDD3-08344781437C}.Debug|Any CPU.Build.0 = Debug|Any CPU
		{539E8941-C875-4B0C-BDD3-08344781437C}.Release|Any CPU.ActiveCfg = Release|Any CPU
		{539E8941-C875-4B0C-BDD3-08344781437C}.Release|Any CPU.Build.0 = Release|Any CPU
	EndGlobalSection
	GlobalSection(SolutionProperties) = preSolution
		HideSolutionNode = FALSE
	EndGlobalSection
	GlobalSection(ExtensibilityGlobals) = postSolution
		SolutionGuid = {68A67E52-402D-42E7-A86B-7F330E150A44}
	EndGlobalSection
EndGlobal
